
Microsoft Visual Studio Solution File, Format Version 12.00
# Visual Studio Version 17
VisualStudioVersion = 17.14.37012.4
MinimumVisualStudioVersion = 10.0.40219.1
Project("{2150E333-8FDC-42A3-9474-1A3956D46DE8}") = "Services", "Services", "{02EA681E-C7D8-13C7-8484-4AC65E1B71E8}"
EndProject
Project("{2150E333-8FDC-42A3-9474-1A3956D46DE8}") = "Ordering", "Ordering", "{9F87465A-D734-4857-BF10-CB5DE49CAACF}"
EndProject
Project("{2150E333-8FDC-42A3-9474-1A3956D46DE8}") = "Customer", "Customer", "{9BDB8D99-F6E5-427D-9D18-389C0A280257}"
EndProject
Project("{FAE04EC0-301F-11D3-BF4B-00C04F79EFBC}") = "CustomerAPI", "Services\CustomerAPI\CustomerAPI.csproj", "{1032B85A-ADD9-4E12-992B-C5F27BEBBFD8}"
EndProject
Project("{2150E333-8FDC-42A3-9474-1A3956D46DE8}") = "Authentication", "Authentication", "{63E0A5DC-9509-4D9E-A8F7-5DCB27C84605}"
EndProject
Project("{FAE04EC0-301F-11D3-BF4B-00C04F79EFBC}") = "AuthenticationAPI", "Services\Authentication\AuthenticationAPI\AuthenticationAPI.csproj", "{FB0ABA0B-6F83-4542-B252-F5C1AE508964}"
EndProject
Project("{2150E333-8FDC-42A3-9474-1A3956D46DE8}") = "ApiGateways", "ApiGateways", "{CA53F07E-1676-4A79-89C0-435BDDA8E60B}"
EndProject
Project("{FAE04EC0-301F-11D3-BF4B-00C04F79EFBC}") = "YarpApiGateway", "ApiGateways\YarpApiGateway\YarpApiGateway.csproj", "{CD1E3997-CB61-55DC-2713-83D96C1016DB}"
EndProject
Project("{2150E333-8FDC-42A3-9474-1A3956D46DE8}") = "BuildingBlocks", "BuildingBlocks", "{904560D9-F1FA-4405-8E37-F5998A363F77}"
EndProject
Project("{2150E333-8FDC-42A3-9474-1A3956D46DE8}") = "OrderApplication", "OrderApplication", "{7A42256D-BB2C-460B-B533-CAFC44D47859}"
EndProject
Project("{FAE04EC0-301F-11D3-BF4B-00C04F79EFBC}") = "OrderApplication", "Services\Ordering\OrderApplication\OrderApplication.csproj", "{53E80DC8-820F-F830-F7E7-A3F7A1D060C8}"
EndProject
Project("{2150E333-8FDC-42A3-9474-1A3956D46DE8}") = "OrderInfrastructure", "OrderInfrastructure", "{A86A56F6-C630-4D53-B58B-77027F2113E5}"
EndProject
Project("{FAE04EC0-301F-11D3-BF4B-00C04F79EFBC}") = "OrderInfrastructure", "Services\Ordering\OrderInfrastructure\OrderInfrastructure.csproj", "{3321D611-3325-CAA5-8A04-951CD885A8F3}"
EndProject
Project("{2150E333-8FDC-42A3-9474-1A3956D46DE8}") = "OrderingDomain", "OrderingDomain", "{CDE9851D-19C9-4D86-91E1-8F263ACB32A1}"
EndProject
Project("{FAE04EC0-301F-11D3-BF4B-00C04F79EFBC}") = "OrderingDomain", "Services\Ordering\OrderingDomain\OrderingDomain.csproj", "{E4F01EAD-48A7-0B13-0705-3186045E8C90}"
EndProject
Global
	GlobalSection(SolutionConfigurationPlatforms) = preSolution
		Debug|Any CPU = Debug|Any CPU
		Release|Any CPU = Release|Any CPU
	EndGlobalSection
	GlobalSection(ProjectConfigurationPlatforms) = postSolution
		{1032B85A-ADD9-4E12-992B-C5F27BEBBFD8}.Debug|Any CPU.ActiveCfg = Debug|Any CPU
		{1032B85A-ADD9-4E12-992B-C5F27BEBBFD8}.Debug|Any CPU.Build.0 = Debug|Any CPU
		{1032B85A-ADD9-4E12-992B-C5F27BEBBFD8}.Release|Any CPU.ActiveCfg = Release|Any CPU
		{1032B85A-ADD9-4E12-992B-C5F27BEBBFD8}.Release|Any CPU.Build.0 = Release|Any CPU
		{FB0ABA0B-6F83-4542-B252-F5C1AE508964}.Debug|Any CPU.ActiveCfg = Debug|Any CPU
		{FB0ABA0B-6F83-4542-B252-F5C1AE508964}.Debug|Any CPU.Build.0 = Debug|Any CPU
		{FB0ABA0B-6F83-4542-B252-F5C1AE508964}.Release|Any CPU.ActiveCfg = Release|Any CPU
		{FB0ABA0B-6F83-4542-B252-F5C1AE508964}.Release|Any CPU.Build.0 = Release|Any CPU
		{CD1E3997-CB61-55DC-2713-83D96C1016DB}.Debug|Any CPU.ActiveCfg = Debug|Any CPU
		{CD1E3997-CB61-55DC-2713-83D96C1016DB}.Debug|Any CPU.Build.0 = Debug|Any CPU
		{CD1E3997-CB61-55DC-2713-83D96C1016DB}.Release|Any CPU.ActiveCfg = Release|Any CPU
		{CD1E3997-CB61-55DC-2713-83D96C1016DB}.Release|Any CPU.Build.0 = Release|Any CPU
		{53E80DC8-820F-F830-F7E7-A3F7A1D060C8}.Debug|Any CPU.ActiveCfg = Debug|Any CPU
		{53E80DC8-820F-F830-F7E7-A3F7A1D060C8}.Debug|Any CPU.Build.0 = Debug|Any CPU
		{53E80DC8-820F-F830-F7E7-A3F7A1D060C8}.Release|Any CPU.ActiveCfg = Release|Any CPU
		{53E80DC8-820F-F830-F7E7-A3F7A1D060C8}.Release|Any CPU.Build.0 = Release|Any CPU
		{3321D611-3325-CAA5-8A04-951CD885A8F3}.Debug|Any CPU.ActiveCfg = Debug|Any CPU
		{3321D611-3325-CAA5-8A04-951CD885A8F3}.Debug|Any CPU.Build.0 = Debug|Any CPU
		{3321D611-3325-CAA5-8A04-951CD885A8F3}.Release|Any CPU.ActiveCfg = Release|Any CPU
		{3321D611-3325-CAA5-8A04-951CD885A8F3}.Release|Any CPU.Build.0 = Release|Any CPU
		{E4F01EAD-48A7-0B13-0705-3186045E8C90}.Debug|Any CPU.ActiveCfg = Debug|Any CPU
		{E4F01EAD-48A7-0B13-0705-3186045E8C90}.Debug|Any CPU.Build.0 = Debug|Any CPU
		{E4F01EAD-48A7-0B13-0705-3186045E8C90}.Release|Any CPU.ActiveCfg = Release|Any CPU
		{E4F01EAD-48A7-0B13-0705-3186045E8C90}.Release|Any CPU.Build.0 = Release|Any CPU
	EndGlobalSection
	GlobalSection(SolutionProperties) = preSolution
		HideSolutionNode = FALSE
	EndGlobalSection
	GlobalSection(NestedProjects) = preSolution
		{9F87465A-D734-4857-BF10-CB5DE49CAACF} = {02EA681E-C7D8-13C7-8484-4AC65E1B71E8}
		{9BDB8D99-F6E5-427D-9D18-389C0A280257} = {02EA681E-C7D8-13C7-8484-4AC65E1B71E8}
		{1032B85A-ADD9-4E12-992B-C5F27BEBBFD8} = {9BDB8D99-F6E5-427D-9D18-389C0A280257}
		{63E0A5DC-9509-4D9E-A8F7-5DCB27C84605} = {02EA681E-C7D8-13C7-8484-4AC65E1B71E8}
		{FB0ABA0B-6F83-4542-B252-F5C1AE508964} = {63E0A5DC-9509-4D9E-A8F7-5DCB27C84605}
		{CD1E3997-CB61-55DC-2713-83D96C1016DB} = {CA53F07E-1676-4A79-89C0-435BDDA8E60B}
		{7A42256D-BB2C-460B-B533-CAFC44D47859} = {9F87465A-D734-4857-BF10-CB5DE49CAACF}
		{53E80DC8-820F-F830-F7E7-A3F7A1D060C8} = {7A42256D-BB2C-460B-B533-CAFC44D47859}
		{A86A56F6-C630-4D53-B58B-77027F2113E5} = {9F87465A-D734-4857-BF10-CB5DE49CAACF}
		{3321D611-3325-CAA5-8A04-951CD885A8F3} = {A86A56F6-C630-4D53-B58B-77027F2113E5}
		{CDE9851D-19C9-4D86-91E1-8F263ACB32A1} = {9F87465A-D734-4857-BF10-CB5DE49CAACF}
		{E4F01EAD-48A7-0B13-0705-3186045E8C90} = {CDE9851D-19C9-4D86-91E1-8F263ACB32A1}
	EndGlobalSection
	GlobalSection(ExtensibilityGlobals) = postSolution
		SolutionGuid = {724D46C5-61B7-45E7-8DB6-FFC7D7423FA7}
	EndGlobalSection
EndGlobal
