
Microsoft Visual Studio Solution File, Format Version 12.00
# Visual Studio Version 17
VisualStudioVersion = 17.14.37012.4
MinimumVisualStudioVersion = 10.0.40219.1
Project("{2150E333-8FDC-42A3-9474-1A3956D46DE8}") = "Services", "Services", "{02EA681E-C7D8-13C7-8484-4AC65E1B71E8}"
EndProject
Project("{2150E333-8FDC-42A3-9474-1A3956D46DE8}") = "Ordering", "Ordering", "{9F87465A-D734-4857-BF10-CB5DE49CAACF}"
EndProject
Project("{FAE04EC0-301F-11D3-BF4B-00C04F79EFBC}") = "Ordering.API", "Services\Ordering\OrderingAPI\Ordering.API.csproj", "{E60473C2-67EC-4675-8965-A841425654F8}"
EndProject
Project("{2150E333-8FDC-42A3-9474-1A3956D46DE8}") = "Customer", "Customer", "{9BDB8D99-F6E5-427D-9D18-389C0A280257}"
EndProject
Project("{FAE04EC0-301F-11D3-BF4B-00C04F79EFBC}") = "CustomerAPI", "Services\CustomerAPI\CustomerAPI.csproj", "{1032B85A-ADD9-4E12-992B-C5F27BEBBFD8}"
EndProject
Project("{2150E333-8FDC-42A3-9474-1A3956D46DE8}") = "Authentication", "Authentication", "{63E0A5DC-9509-4D9E-A8F7-5DCB27C84605}"
EndProject
Project("{FAE04EC0-301F-11D3-BF4B-00C04F79EFBC}") = "AuthenticationAPI", "Services\Authentication\AuthenticationAPI\AuthenticationAPI.csproj", "{FB0ABA0B-6F83-4542-B252-F5C1AE508964}"
EndProject
Project("{FAE04EC0-301F-11D3-BF4B-00C04F79EFBC}") = "Ordering.Domain", "Services\Ordering\OrderingDomain\Ordering.Domain.csproj", "{C65C7105-A9FE-48D8-992D-1D6FCAAF6B3F}"
EndProject
Project("{FAE04EC0-301F-11D3-BF4B-00C04F79EFBC}") = "Ordering.Application", "Services\Ordering\OrderingApplication\Ordering.Application.csproj", "{EA6F7AD9-45B4-4875-B4B0-F3543882E442}"
EndProject
Project("{FAE04EC0-301F-11D3-BF4B-00C04F79EFBC}") = "Ordering.Infrastructure", "Services\Ordering\OrderingInfrastructure\Ordering.Infrastructure.csproj", "{59B1F7BF-5BFD-4A6D-B32F-25F34E3E6F18}"
EndProject
Project("{2150E333-8FDC-42A3-9474-1A3956D46DE8}") = "BuildingBlocks", "BuildingBlocks", "{93077266-4B65-4349-954E-595A9E1DF6CF}"
EndProject
Project("{FAE04EC0-301F-11D3-BF4B-00C04F79EFBC}") = "BuildingBlocks", "BuildingBlocks\BuildingBlocks\BuildingBlocks.csproj", "{A0881836-5D61-4AFC-A282-A4D4C0776FE2}"
EndProject
Global
	GlobalSection(SolutionConfigurationPlatforms) = preSolution
		Debug|Any CPU = Debug|Any CPU
		Release|Any CPU = Release|Any CPU
	EndGlobalSection
	GlobalSection(ProjectConfigurationPlatforms) = postSolution
		{E60473C2-67EC-4675-8965-A841425654F8}.Debug|Any CPU.ActiveCfg = Debug|Any CPU
		{E60473C2-67EC-4675-8965-A841425654F8}.Debug|Any CPU.Build.0 = Debug|Any CPU
		{E60473C2-67EC-4675-8965-A841425654F8}.Release|Any CPU.ActiveCfg = Release|Any CPU
		{E60473C2-67EC-4675-8965-A841425654F8}.Release|Any CPU.Build.0 = Release|Any CPU
		{1032B85A-ADD9-4E12-992B-C5F27BEBBFD8}.Debug|Any CPU.ActiveCfg = Debug|Any CPU
		{1032B85A-ADD9-4E12-992B-C5F27BEBBFD8}.Debug|Any CPU.Build.0 = Debug|Any CPU
		{1032B85A-ADD9-4E12-992B-C5F27BEBBFD8}.Release|Any CPU.ActiveCfg = Release|Any CPU
		{1032B85A-ADD9-4E12-992B-C5F27BEBBFD8}.Release|Any CPU.Build.0 = Release|Any CPU
		{FB0ABA0B-6F83-4542-B252-F5C1AE508964}.Debug|Any CPU.ActiveCfg = Debug|Any CPU
		{FB0ABA0B-6F83-4542-B252-F5C1AE508964}.Debug|Any CPU.Build.0 = Debug|Any CPU
		{FB0ABA0B-6F83-4542-B252-F5C1AE508964}.Release|Any CPU.ActiveCfg = Release|Any CPU
		{FB0ABA0B-6F83-4542-B252-F5C1AE508964}.Release|Any CPU.Build.0 = Release|Any CPU
		{C65C7105-A9FE-48D8-992D-1D6FCAAF6B3F}.Debug|Any CPU.ActiveCfg = Debug|Any CPU
		{C65C7105-A9FE-48D8-992D-1D6FCAAF6B3F}.Debug|Any CPU.Build.0 = Debug|Any CPU
		{C65C7105-A9FE-48D8-992D-1D6FCAAF6B3F}.Release|Any CPU.ActiveCfg = Release|Any CPU
		{C65C7105-A9FE-48D8-992D-1D6FCAAF6B3F}.Release|Any CPU.Build.0 = Release|Any CPU
		{EA6F7AD9-45B4-4875-B4B0-F3543882E442}.Debug|Any CPU.ActiveCfg = Debug|Any CPU
		{EA6F7AD9-45B4-4875-B4B0-F3543882E442}.Debug|Any CPU.Build.0 = Debug|Any CPU
		{EA6F7AD9-45B4-4875-B4B0-F3543882E442}.Release|Any CPU.ActiveCfg = Release|Any CPU
		{EA6F7AD9-45B4-4875-B4B0-F3543882E442}.Release|Any CPU.Build.0 = Release|Any CPU
		{59B1F7BF-5BFD-4A6D-B32F-25F34E3E6F18}.Debug|Any CPU.ActiveCfg = Debug|Any CPU
		{59B1F7BF-5BFD-4A6D-B32F-25F34E3E6F18}.Debug|Any CPU.Build.0 = Debug|Any CPU
		{59B1F7BF-5BFD-4A6D-B32F-25F34E3E6F18}.Release|Any CPU.ActiveCfg = Release|Any CPU
		{59B1F7BF-5BFD-4A6D-B32F-25F34E3E6F18}.Release|Any CPU.Build.0 = Release|Any CPU
		{A0881836-5D61-4AFC-A282-A4D4C0776FE2}.Debug|Any CPU.ActiveCfg = Debug|Any CPU
		{A0881836-5D61-4AFC-A282-A4D4C0776FE2}.Debug|Any CPU.Build.0 = Debug|Any CPU
		{A0881836-5D61-4AFC-A282-A4D4C0776FE2}.Release|Any CPU.ActiveCfg = Release|Any CPU
		{A0881836-5D61-4AFC-A282-A4D4C0776FE2}.Release|Any CPU.Build.0 = Release|Any CPU
	EndGlobalSection
	GlobalSection(SolutionProperties) = preSolution
		HideSolutionNode = FALSE
	EndGlobalSection
	GlobalSection(NestedProjects) = preSolution
		{9F87465A-D734-4857-BF10-CB5DE49CAACF} = {02EA681E-C7D8-13C7-8484-4AC65E1B71E8}
		{E60473C2-67EC-4675-8965-A841425654F8} = {9F87465A-D734-4857-BF10-CB5DE49CAACF}
		{9BDB8D99-F6E5-427D-9D18-389C0A280257} = {02EA681E-C7D8-13C7-8484-4AC65E1B71E8}
		{1032B85A-ADD9-4E12-992B-C5F27BEBBFD8} = {9BDB8D99-F6E5-427D-9D18-389C0A280257}
		{63E0A5DC-9509-4D9E-A8F7-5DCB27C84605} = {02EA681E-C7D8-13C7-8484-4AC65E1B71E8}
		{FB0ABA0B-6F83-4542-B252-F5C1AE508964} = {63E0A5DC-9509-4D9E-A8F7-5DCB27C84605}
		{C65C7105-A9FE-48D8-992D-1D6FCAAF6B3F} = {9F87465A-D734-4857-BF10-CB5DE49CAACF}
		{EA6F7AD9-45B4-4875-B4B0-F3543882E442} = {9F87465A-D734-4857-BF10-CB5DE49CAACF}
		{59B1F7BF-5BFD-4A6D-B32F-25F34E3E6F18} = {9F87465A-D734-4857-BF10-CB5DE49CAACF}
		{A0881836-5D61-4AFC-A282-A4D4C0776FE2} = {93077266-4B65-4349-954E-595A9E1DF6CF}
	EndGlobalSection
	GlobalSection(ExtensibilityGlobals) = postSolution
		SolutionGuid = {724D46C5-61B7-45E7-8DB6-FFC7D7423FA7}
	EndGlobalSection
EndGlobal
